// !$*UTF8*$!
{
	archiveVersion = 1;
	classes = {
	};
	objectVersion = 46;
	objects = {

/* Begin PBXBuildFile section */
		15AA80FE1B95EB39000892D4 /* AppDelegate.swift in Sources */ = {isa = PBXBuildFile; fileRef = 15AA80FD1B95EB39000892D4 /* AppDelegate.swift */; };
		15AA81011B95EB39000892D4 /* JobLine.xcdatamodeld in Sources */ = {isa = PBXBuildFile; fileRef = 15AA80FF1B95EB39000892D4 /* JobLine.xcdatamodeld */; };
		15AA81031B95EB39000892D4 /* ViewController.swift in Sources */ = {isa = PBXBuildFile; fileRef = 15AA81021B95EB39000892D4 /* ViewController.swift */; };
		15AA81061B95EB39000892D4 /* Main.storyboard in Resources */ = {isa = PBXBuildFile; fileRef = 15AA81041B95EB39000892D4 /* Main.storyboard */; };
		15AA81081B95EB39000892D4 /* Images.xcassets in Resources */ = {isa = PBXBuildFile; fileRef = 15AA81071B95EB39000892D4 /* Images.xcassets */; };
		15AA810B1B95EB39000892D4 /* LaunchScreen.xib in Resources */ = {isa = PBXBuildFile; fileRef = 15AA81091B95EB39000892D4 /* LaunchScreen.xib */; };
		15AA81171B95EB39000892D4 /* JobLineTests.swift in Sources */ = {isa = PBXBuildFile; fileRef = 15AA81161B95EB39000892D4 /* JobLineTests.swift */; };
/* End PBXBuildFile section */

/* Begin PBXContainerItemProxy section */
		15AA81111B95EB39000892D4 /* PBXContainerItemProxy */ = {
			isa = PBXContainerItemProxy;
			containerPortal = 15AA80F01B95EB39000892D4 /* Project object */;
			proxyType = 1;
			remoteGlobalIDString = 15AA80F71B95EB39000892D4;
			remoteInfo = JobLine;
		};
/* End PBXContainerItemProxy section */

/* Begin PBXFileReference section */
		15AA80F81B95EB39000892D4 /* JobLine.app */ = {isa = PBXFileReference; explicitFileType = wrapper.application; includeInIndex = 0; path = JobLine.app; sourceTree = BUILT_PRODUCTS_DIR; };
		15AA80FC1B95EB39000892D4 /* Info.plist */ = {isa = PBXFileReference; lastKnownFileType = text.plist.xml; path = Info.plist; sourceTree = "<group>"; };
		15AA80FD1B95EB39000892D4 /* AppDelegate.swift */ = {isa = PBXFileReference; lastKnownFileType = sourcecode.swift; path = AppDelegate.swift; sourceTree = "<group>"; };
		15AA81001B95EB39000892D4 /* JobLine.xcdatamodel */ = {isa = PBXFileReference; lastKnownFileType = wrapper.xcdatamodel; path = JobLine.xcdatamodel; sourceTree = "<group>"; };
		15AA81021B95EB39000892D4 /* ViewController.swift */ = {isa = PBXFileReference; lastKnownFileType = sourcecode.swift; path = ViewController.swift; sourceTree = "<group>"; };
		15AA81051B95EB39000892D4 /* Base */ = {isa = PBXFileReference; lastKnownFileType = file.storyboard; name = Base; path = Base.lproj/Main.storyboard; sourceTree = "<group>"; };
		15AA81071B95EB39000892D4 /* Images.xcassets */ = {isa = PBXFileReference; lastKnownFileType = folder.assetcatalog; path = Images.xcassets; sourceTree = "<group>"; };
		15AA810A1B95EB39000892D4 /* Base */ = {isa = PBXFileReference; lastKnownFileType = file.xib; name = Base; path = Base.lproj/LaunchScreen.xib; sourceTree = "<group>"; };
		15AA81101B95EB39000892D4 /* JobLineTests.xctest */ = {isa = PBXFileReference; explicitFileType = wrapper.cfbundle; includeInIndex = 0; path = JobLineTests.xctest; sourceTree = BUILT_PRODUCTS_DIR; };
		15AA81151B95EB39000892D4 /* Info.plist */ = {isa = PBXFileReference; lastKnownFileType = text.plist.xml; path = Info.plist; sourceTree = "<group>"; };
		15AA81161B95EB39000892D4 /* JobLineTests.swift */ = {isa = PBXFileReference; lastKnownFileType = sourcecode.swift; path = JobLineTests.swift; sourceTree = "<group>"; };
/* End PBXFileReference section */

/* Begin PBXFrameworksBuildPhase section */
		15AA80F51B95EB39000892D4 /* Frameworks */ = {
			isa = PBXFrameworksBuildPhase;
			buildActionMask = 2147483647;
			files = (
			);
			runOnlyForDeploymentPostprocessing = 0;
		};
		15AA810D1B95EB39000892D4 /* Frameworks */ = {
			isa = PBXFrameworksBuildPhase;
			buildActionMask = 2147483647;
			files = (
			);
			runOnlyForDeploymentPostprocessing = 0;
		};
/* End PBXFrameworksBuildPhase section */

/* Begin PBXGroup section */
		15AA80EF1B95EB39000892D4 = {
			isa = PBXGroup;
			children = (
				15AA80FA1B95EB39000892D4 /* JobLine */,
				15AA81131B95EB39000892D4 /* JobLineTests */,
				15AA80F91B95EB39000892D4 /* Products */,
			);
			sourceTree = "<group>";
		};
		15AA80F91B95EB39000892D4 /* Products */ = {
			isa = PBXGroup;
			children = (
				15AA80F81B95EB39000892D4 /* JobLine.app */,
				15AA81101B95EB39000892D4 /* JobLineTests.xctest */,
			);
			name = Products;
			sourceTree = "<group>";
		};
		15AA80FA1B95EB39000892D4 /* JobLine */ = {
			isa = PBXGroup;
			children = (
				15AA80FD1B95EB39000892D4 /* AppDelegate.swift */,
				15AA81021B95EB39000892D4 /* ViewController.swift */,
				15AA81041B95EB39000892D4 /* Main.storyboard */,
				15AA81071B95EB39000892D4 /* Images.xcassets */,
				15AA81091B95EB39000892D4 /* LaunchScreen.xib */,
				15AA80FF1B95EB39000892D4 /* JobLine.xcdatamodeld */,
				15AA80FB1B95EB39000892D4 /* Supporting Files */,
			);
			path = JobLine;
			sourceTree = "<group>";
		};
		15AA80FB1B95EB39000892D4 /* Supporting Files */ = {
			isa = PBXGroup;
			children = (
				15AA80FC1B95EB39000892D4 /* Info.plist */,
			);
			name = "Supporting Files";
			sourceTree = "<group>";
		};
		15AA81131B95EB39000892D4 /* JobLineTests */ = {
			isa = PBXGroup;
			children = (
				15AA81161B95EB39000892D4 /* JobLineTests.swift */,
				15AA81141B95EB39000892D4 /* Supporting Files */,
			);
			path = JobLineTests;
			sourceTree = "<group>";
		};
		15AA81141B95EB39000892D4 /* Supporting Files */ = {
			isa = PBXGroup;
			children = (
				15AA81151B95EB39000892D4 /* Info.plist */,
			);
			name = "Supporting Files";
			sourceTree = "<group>";
		};
/* End PBXGroup section */

/* Begin PBXNativeTarget section */
		15AA80F71B95EB39000892D4 /* JobLine */ = {
			isa = PBXNativeTarget;
			buildConfigurationList = 15AA811A1B95EB39000892D4 /* Build configuration list for PBXNativeTarget "JobLine" */;
			buildPhases = (
				15AA80F41B95EB39000892D4 /* Sources */,
				15AA80F51B95EB39000892D4 /* Frameworks */,
				15AA80F61B95EB39000892D4 /* Resources */,
			);
			buildRules = (
			);
			dependencies = (
			);
			name = JobLine;
			productName = JobLine;
			productReference = 15AA80F81B95EB39000892D4 /* JobLine.app */;
			productType = "com.apple.product-type.application";
		};
		15AA810F1B95EB39000892D4 /* JobLineTests */ = {
			isa = PBXNativeTarget;
			buildConfigurationList = 15AA811D1B95EB39000892D4 /* Build configuration list for PBXNativeTarget "JobLineTests" */;
			buildPhases = (
				15AA810C1B95EB39000892D4 /* Sources */,
				15AA810D1B95EB39000892D4 /* Frameworks */,
				15AA810E1B95EB39000892D4 /* Resources */,
			);
			buildRules = (
			);
			dependencies = (
				15AA81121B95EB39000892D4 /* PBXTargetDependency */,
			);
			name = JobLineTests;
			productName = JobLineTests;
			productReference = 15AA81101B95EB39000892D4 /* JobLineTests.xctest */;
			productType = "com.apple.product-type.bundle.unit-test";
		};
/* End PBXNativeTarget section */

/* Begin PBXProject section */
		15AA80F01B95EB39000892D4 /* Project object */ = {
			isa = PBXProject;
			attributes = {
				LastUpgradeCheck = 0640;
				ORGANIZATIONNAME = naoya.kanoh;
				TargetAttributes = {
					15AA80F71B95EB39000892D4 = {
						CreatedOnToolsVersion = 6.4;
					};
					15AA810F1B95EB39000892D4 = {
						CreatedOnToolsVersion = 6.4;
						TestTargetID = 15AA80F71B95EB39000892D4;
					};
				};
			};
			buildConfigurationList = 15AA80F31B95EB39000892D4 /* Build configuration list for PBXProject "JobLine" */;
			compatibilityVersion = "Xcode 3.2";
			developmentRegion = English;
			hasScannedForEncodings = 0;
			knownRegions = (
				en,
				Base,
			);
			mainGroup = 15AA80EF1B95EB39000892D4;
			productRefGroup = 15AA80F91B95EB39000892D4 /* Products */;
			projectDirPath = "";
			projectRoot = "";
			targets = (
				15AA80F71B95EB39000892D4 /* JobLine */,
				15AA810F1B95EB39000892D4 /* JobLineTests */,
			);
		};
/* End PBXProject section */

/* Begin PBXResourcesBuildPhase section */
		15AA80F61B95EB39000892D4 /* Resources */ = {
			isa = PBXResourcesBuildPhase;
			buildActionMask = 2147483647;
			files = (
				15AA81061B95EB39000892D4 /* Main.storyboard in Resources */,
				15AA810B1B95EB39000892D4 /* LaunchScreen.xib in Resources */,
				15AA81081B95EB39000892D4 /* Images.xcassets in Resources */,
			);
			runOnlyForDeploymentPostprocessing = 0;
		};
		15AA810E1B95EB39000892D4 /* Resources */ = {
			isa = PBXResourcesBuildPhase;
			buildActionMask = 2147483647;
			files = (
			);
			runOnlyForDeploymentPostprocessing = 0;
		};
/* End PBXResourcesBuildPhase section */

/* Begin PBXSourcesBuildPhase section */
		15AA80F41B95EB39000892D4 /* Sources */ = {
			isa = PBXSourcesBuildPhase;
			buildActionMask = 2147483647;
			files = (
				15AA81031B95EB39000892D4 /* ViewController.swift in Sources */,
				15AA80FE1B95EB39000892D4 /* AppDelegate.swift in Sources */,
				15AA81011B95EB39000892D4 /* JobLine.xcdatamodeld in Sources */,
			);
			runOnlyForDeploymentPostprocessing = 0;
		};
		15AA810C1B95EB39000892D4 /* Sources */ = {
			isa = PBXSourcesBuildPhase;
			buildActionMask = 2147483647;
			files = (
				15AA81171B95EB39000892D4 /* JobLineTests.swift in Sources */,
			);
			runOnlyForDeploymentPostprocessing = 0;
		};
/* End PBXSourcesBuildPhase section */

/* Begin PBXTargetDependency section */
		15AA81121B95EB39000892D4 /* PBXTargetDependency */ = {
			isa = PBXTargetDependency;
			target = 15AA80F71B95EB39000892D4 /* JobLine */;
			targetProxy = 15AA81111B95EB39000892D4 /* PBXContainerItemProxy */;
		};
/* End PBXTargetDependency section */

/* Begin PBXVariantGroup section */
		15AA81041B95EB39000892D4 /* Main.storyboard */ = {
			isa = PBXVariantGroup;
			children = (
				15AA81051B95EB39000892D4 /* Base */,
			);
			name = Main.storyboard;
			sourceTree = "<group>";
		};
		15AA81091B95EB39000892D4 /* LaunchScreen.xib */ = {
			isa = PBXVariantGroup;
			children = (
				15AA810A1B95EB39000892D4 /* Base */,
			);
			name = LaunchScreen.xib;
			sourceTree = "<group>";
		};
/* End PBXVariantGroup section */

/* Begin XCBuildConfiguration section */
		15AA81181B95EB39000892D4 /* Debug */ = {
			isa = XCBuildConfiguration;
			buildSettings = {
				ALWAYS_SEARCH_USER_PATHS = NO;
				CLANG_CXX_LANGUAGE_STANDARD = "gnu++0x";
				CLANG_CXX_LIBRARY = "libc++";
				CLANG_ENABLE_MODULES = YES;
				CLANG_ENABLE_OBJC_ARC = YES;
				CLANG_WARN_BOOL_CONVERSION = YES;
				CLANG_WARN_CONSTANT_CONVERSION = YES;
				CLANG_WARN_DIRECT_OBJC_ISA_USAGE = YES_ERROR;
				CLANG_WARN_EMPTY_BODY = YES;
				CLANG_WARN_ENUM_CONVERSION = YES;
				CLANG_WARN_INT_CONVERSION = YES;
				CLANG_WARN_OBJC_ROOT_CLASS = YES_ERROR;
				CLANG_WARN_UNREACHABLE_CODE = YES;
				CLANG_WARN__DUPLICATE_METHOD_MATCH = YES;
				"CODE_SIGN_IDENTITY[sdk=iphoneos*]" = "iPhone Developer";
				COPY_PHASE_STRIP = NO;
				DEBUG_INFORMATION_FORMAT = "dwarf-with-dsym";
				ENABLE_STRICT_OBJC_MSGSEND = YES;
				GCC_C_LANGUAGE_STANDARD = gnu99;
				GCC_DYNAMIC_NO_PIC = NO;
				GCC_NO_COMMON_BLOCKS = YES;
				GCC_OPTIMIZATION_LEVEL = 0;
				GCC_PREPROCESSOR_DEFINITIONS = (
					"DEBUG=1",
					"$(inherited)",
				);
				GCC_SYMBOLS_PRIVATE_EXTERN = NO;
				GCC_WARN_64_TO_32_BIT_CONVERSION = YES;
				GCC_WARN_ABOUT_RETURN_TYPE = YES_ERROR;
				GCC_WARN_UNDECLARED_SELECTOR = YES;
				GCC_WARN_UNINITIALIZED_AUTOS = YES_AGGRESSIVE;
				GCC_WARN_UNUSED_FUNCTION = YES;
				GCC_WARN_UNUSED_VARIABLE = YES;
				IPHONEOS_DEPLOYMENT_TARGET = 8.4;
				MTL_ENABLE_DEBUG_INFO = YES;
				ONLY_ACTIVE_ARCH = YES;
				SDKROOT = iphoneos;
				SWIFT_OPTIMIZATION_LEVEL = "-Onone";
			};
			name = Debug;
		};
		15AA81191B95EB39000892D4 /* Release */ = {
			isa = XCBuildConfiguration;
			buildSettings = {
				ALWAYS_SEARCH_USER_PATHS = NO;
				CLANG_CXX_LANGUAGE_STANDARD = "gnu++0x";
				CLANG_CXX_LIBRARY = "libc++";
				CLANG_ENABLE_MODULES = YES;
				CLANG_ENABLE_OBJC_ARC = YES;
				CLANG_WARN_BOOL_CONVERSION = YES;
				CLANG_WARN_CONSTANT_CONVERSION = YES;
				CLANG_WARN_DIRECT_OBJC_ISA_USAGE = YES_ERROR;
				CLANG_WARN_EMPTY_BODY = YES;
				CLANG_WARN_ENUM_CONVERSION = YES;
				CLANG_WARN_INT_CONVERSION = YES;
				CLANG_WARN_OBJC_ROOT_CLASS = YES_ERROR;
				CLANG_WARN_UNREACHABLE_CODE = YES;
				CLANG_WARN__DUPLICATE_METHOD_MATCH = YES;
				"CODE_SIGN_IDENTITY[sdk=iphoneos*]" = "iPhone Developer";
				COPY_PHASE_STRIP = NO;
				DEBUG_INFORMATION_FORMAT = "dwarf-with-dsym";
				ENABLE_NS_ASSERTIONS = NO;
				ENABLE_STRICT_OBJC_MSGSEND = YES;
				GCC_C_LANGUAGE_STANDARD = gnu99;
				GCC_NO_COMMON_BLOCKS = YES;
				GCC_WARN_64_TO_32_BIT_CONVERSION = YES;
				GCC_WARN_ABOUT_RETURN_TYPE = YES_ERROR;
				GCC_WARN_UNDECLARED_SELECTOR = YES;
				GCC_WARN_UNINITIALIZED_AUTOS = YES_AGGRESSIVE;
				GCC_WARN_UNUSED_FUNCTION = YES;
				GCC_WARN_UNUSED_VARIABLE = YES;
				IPHONEOS_DEPLOYMENT_TARGET = 8.4;
				MTL_ENABLE_DEBUG_INFO = NO;
				SDKROOT = iphoneos;
				VALIDATE_PRODUCT = YES;
			};
			name = Release;
		};
		15AA811B1B95EB39000892D4 /* Debug */ = {
			isa = XCBuildConfiguration;
			buildSettings = {
				ASSETCATALOG_COMPILER_APPICON_NAME = AppIcon;
				INFOPLIST_FILE = JobLine/Info.plist;
				LD_RUNPATH_SEARCH_PATHS = "$(inherited) @executable_path/Frameworks";
				PRODUCT_NAME = "$(TARGET_NAME)";
			};
			name = Debug;
		};
		15AA811C1B95EB39000892D4 /* Release */ = {
			isa = XCBuildConfiguration;
			buildSettings = {
				ASSETCATALOG_COMPILER_APPICON_NAME = AppIcon;
				INFOPLIST_FILE = JobLine/Info.plist;
				LD_RUNPATH_SEARCH_PATHS = "$(inherited) @executable_path/Frameworks";
				PRODUCT_NAME = "$(TARGET_NAME)";
			};
			name = Release;
		};
		15AA811E1B95EB39000892D4 /* Debug */ = {
			isa = XCBuildConfiguration;
			buildSettings = {
				BUNDLE_LOADER = "$(TEST_HOST)";
				FRAMEWORK_SEARCH_PATHS = (
					"$(SDKROOT)/Developer/Library/Frameworks",
					"$(inherited)",
				);
				GCC_PREPROCESSOR_DEFINITIONS = (
					"DEBUG=1",
					"$(inherited)",
				);
				INFOPLIST_FILE = JobLineTests/Info.plist;
				LD_RUNPATH_SEARCH_PATHS = "$(inherited) @executable_path/Frameworks @loader_path/Frameworks";
				PRODUCT_NAME = "$(TARGET_NAME)";
				TEST_HOST = "$(BUILT_PRODUCTS_DIR)/JobLine.app/JobLine";
			};
			name = Debug;
		};
		15AA811F1B95EB39000892D4 /* Release */ = {
			isa = XCBuildConfiguration;
			buildSettings = {
				BUNDLE_LOADER = "$(TEST_HOST)";
				FRAMEWORK_SEARCH_PATHS = (
					"$(SDKROOT)/Developer/Library/Frameworks",
					"$(inherited)",
				);
				INFOPLIST_FILE = JobLineTests/Info.plist;
				LD_RUNPATH_SEARCH_PATHS = "$(inherited) @executable_path/Frameworks @loader_path/Frameworks";
				PRODUCT_NAME = "$(TARGET_NAME)";
				TEST_HOST = "$(BUILT_PRODUCTS_DIR)/JobLine.app/JobLine";
			};
			name = Release;
		};
/* End XCBuildConfiguration section */

/* Begin XCConfigurationList section */
		15AA80F31B95EB39000892D4 /* Build configuration list for PBXProject "JobLine" */ = {
			isa = XCConfigurationList;
			buildConfigurations = (
				15AA81181B95EB39000892D4 /* Debug */,
				15AA81191B95EB39000892D4 /* Release */,
			);
			defaultConfigurationIsVisible = 0;
			defaultConfigurationName = Release;
		};
		15AA811A1B95EB39000892D4 /* Build configuration list for PBXNativeTarget "JobLine" */ = {
			isa = XCConfigurationList;
			buildConfigurations = (
				15AA811B1B95EB39000892D4 /* Debug */,
				15AA811C1B95EB39000892D4 /* Release */,
			);
			defaultConfigurationIsVisible = 0;
		};
		15AA811D1B95EB39000892D4 /* Build configuration list for PBXNativeTarget "JobLineTests" */ = {
			isa = XCConfigurationList;
			buildConfigurations = (
				15AA811E1B95EB39000892D4 /* Debug */,
				15AA811F1B95EB39000892D4 /* Release */,
			);
			defaultConfigurationIsVisible = 0;
		};
/* End XCConfigurationList section */

/* Begin XCVersionGroup section */
		15AA80FF1B95EB39000892D4 /* JobLine.xcdatamodeld */ = {
			isa = XCVersionGroup;
			children = (
				15AA81001B95EB39000892D4 /* JobLine.xcdatamodel */,
			);
			currentVersion = 15AA81001B95EB39000892D4 /* JobLine.xcdatamodel */;
			path = JobLine.xcdatamodeld;
			sourceTree = "<group>";
			versionGroupType = wrapper.xcdatamodel;
		};
/* End XCVersionGroup section */
	};
	rootObject = 15AA80F01B95EB39000892D4 /* Project object */;
}
